
Microsoft Visual Studio Solution File, Format Version 12.00
# Visual Studio Version 16
VisualStudioVersion = 16.0.31702.278
MinimumVisualStudioVersion = 10.0.40219.1
Project("{FAE04EC0-301F-11D3-BF4B-00C04F79EFBC}") = "WinFormsApp1", "WinFormsApp1\WinFormsApp1.csproj", "{BFF7FAD9-2EE6-4EFD-BB05-57D61323A068}"
EndProject
Global
	GlobalSection(SolutionConfigurationPlatforms) = preSolution
		Debug|Any CPU = Debug|Any CPU
		Release|Any CPU = Release|Any CPU
	EndGlobalSection
	GlobalSection(ProjectConfigurationPlatforms) = postSolution
		{BFF7FAD9-2EE6-4EFD-BB05-57D61323A068}.Debug|Any CPU.ActiveCfg = Debug|Any CPU
		{BFF7FAD9-2EE6-4EFD-BB05-57D61323A068}.Debug|Any CPU.Build.0 = Debug|Any CPU
		{BFF7FAD9-2EE6-4EFD-BB05-57D61323A068}.Release|Any CPU.ActiveCfg = Release|Any CPU
		{BFF7FAD9-2EE6-4EFD-BB05-57D61323A068}.Release|Any CPU.Build.0 = Release|Any CPU
	EndGlobalSection
	GlobalSection(SolutionProperties) = preSolution
		HideSolutionNode = FALSE
	EndGlobalSection
	GlobalSection(ExtensibilityGlobals) = postSolution
		SolutionGuid = {5BCF2ADE-51F4-4307-873A-CD836E358F87}
	EndGlobalSection
EndGlobal
